// !$*UTF8*$!
{
	archiveVersion = 1;
	classes = {
	};
	objectVersion = 56;
	objects = {

/* Begin PBXBuildFile section */
		2AB9DC7F2BBBDBA5003B3FA3 /* Calories.swift in Sources */ = {isa = PBXBuildFile; fileRef = 2AB9DC7A2BBBDBA5003B3FA3 /* Calories.swift */; };
		2AB9DC802BBBDBA5003B3FA3 /* Menu.swift in Sources */ = {isa = PBXBuildFile; fileRef = 2AB9DC7B2BBBDBA5003B3FA3 /* Menu.swift */; };
		2AB9DC812BBBDBA5003B3FA3 /* MenuItem.swift in Sources */ = {isa = PBXBuildFile; fileRef = 2AB9DC7C2BBBDBA5003B3FA3 /* MenuItem.swift */; };
		2AB9DC822BBBDBA5003B3FA3 /* Option.swift in Sources */ = {isa = PBXBuildFile; fileRef = 2AB9DC7D2BBBDBA5003B3FA3 /* Option.swift */; };
		685441BA2BBBEF2C00696445 /* DetailViewController.storyboard in Resources */ = {isa = PBXBuildFile; fileRef = 685441B82BBBEF2C00696445 /* DetailViewController.storyboard */; };
		685441BC2BBBF04500696445 /* DetailViewController.swift in Sources */ = {isa = PBXBuildFile; fileRef = 685441BB2BBBF04500696445 /* DetailViewController.swift */; };
		F3D14DDF2BBAC45E00A5F847 /* AppDelegate.swift in Sources */ = {isa = PBXBuildFile; fileRef = F3D14DDE2BBAC45E00A5F847 /* AppDelegate.swift */; };
		F3D14DE12BBAC45E00A5F847 /* SceneDelegate.swift in Sources */ = {isa = PBXBuildFile; fileRef = F3D14DE02BBAC45E00A5F847 /* SceneDelegate.swift */; };
		F3D14DE32BBAC45E00A5F847 /* MenuViewController.swift in Sources */ = {isa = PBXBuildFile; fileRef = F3D14DE22BBAC45E00A5F847 /* MenuViewController.swift */; };
		F3D14DE62BBAC45E00A5F847 /* Main.storyboard in Resources */ = {isa = PBXBuildFile; fileRef = F3D14DE42BBAC45E00A5F847 /* Main.storyboard */; };
		F3D14DE82BBAC46000A5F847 /* Assets.xcassets in Resources */ = {isa = PBXBuildFile; fileRef = F3D14DE72BBAC46000A5F847 /* Assets.xcassets */; };
		F3D14DEB2BBAC46000A5F847 /* LaunchScreen.storyboard in Resources */ = {isa = PBXBuildFile; fileRef = F3D14DE92BBAC46000A5F847 /* LaunchScreen.storyboard */; };
		F3D14DF52BBAD90B00A5F847 /* CategoryCollectionViewCell.xib in Resources */ = {isa = PBXBuildFile; fileRef = F3D14DF42BBAD90B00A5F847 /* CategoryCollectionViewCell.xib */; };
		F3D14DF72BBAD9C500A5F847 /* CategoryCollectionViewCell.swift in Sources */ = {isa = PBXBuildFile; fileRef = F3D14DF62BBAD9C500A5F847 /* CategoryCollectionViewCell.swift */; };
		F3D14DF92BBBA90900A5F847 /* CartViewController.swift in Sources */ = {isa = PBXBuildFile; fileRef = F3D14DF82BBBA90900A5F847 /* CartViewController.swift */; };
		F3D14DFB2BBBA9C000A5F847 /* CartTableViewCell.xib in Resources */ = {isa = PBXBuildFile; fileRef = F3D14DFA2BBBA9C000A5F847 /* CartTableViewCell.xib */; };
		F3D14DFD2BBBAB4F00A5F847 /* CartTableViewCell.swift in Sources */ = {isa = PBXBuildFile; fileRef = F3D14DFC2BBBAB4F00A5F847 /* CartTableViewCell.swift */; };
		F3D14E012BBBB0E400A5F847 /* MenuViewController.storyboard in Resources */ = {isa = PBXBuildFile; fileRef = F3D14E002BBBB0E400A5F847 /* MenuViewController.storyboard */; };
		F3D14E032BBBB11A00A5F847 /* CartViewController.storyboard in Resources */ = {isa = PBXBuildFile; fileRef = F3D14E022BBBB11A00A5F847 /* CartViewController.storyboard */; };
/* End PBXBuildFile section */

/* Begin PBXFileReference section */
		2AB9DC7A2BBBDBA5003B3FA3 /* Calories.swift */ = {isa = PBXFileReference; fileEncoding = 4; lastKnownFileType = sourcecode.swift; path = Calories.swift; sourceTree = "<group>"; };
		2AB9DC7B2BBBDBA5003B3FA3 /* Menu.swift */ = {isa = PBXFileReference; fileEncoding = 4; lastKnownFileType = sourcecode.swift; path = Menu.swift; sourceTree = "<group>"; };
		2AB9DC7C2BBBDBA5003B3FA3 /* MenuItem.swift */ = {isa = PBXFileReference; fileEncoding = 4; lastKnownFileType = sourcecode.swift; path = MenuItem.swift; sourceTree = "<group>"; };
		2AB9DC7D2BBBDBA5003B3FA3 /* Option.swift */ = {isa = PBXFileReference; fileEncoding = 4; lastKnownFileType = sourcecode.swift; path = Option.swift; sourceTree = "<group>"; };
		685441B82BBBEF2C00696445 /* DetailViewController.storyboard */ = {isa = PBXFileReference; fileEncoding = 4; lastKnownFileType = file.storyboard; path = DetailViewController.storyboard; sourceTree = "<group>"; };
		685441BB2BBBF04500696445 /* DetailViewController.swift */ = {isa = PBXFileReference; fileEncoding = 4; lastKnownFileType = sourcecode.swift; path = DetailViewController.swift; sourceTree = "<group>"; };
		F3D14DDB2BBAC45E00A5F847 /* MacDonald's.app */ = {isa = PBXFileReference; explicitFileType = wrapper.application; includeInIndex = 0; path = "MacDonald's.app"; sourceTree = BUILT_PRODUCTS_DIR; };
		F3D14DDE2BBAC45E00A5F847 /* AppDelegate.swift */ = {isa = PBXFileReference; lastKnownFileType = sourcecode.swift; path = AppDelegate.swift; sourceTree = "<group>"; };
		F3D14DE02BBAC45E00A5F847 /* SceneDelegate.swift */ = {isa = PBXFileReference; lastKnownFileType = sourcecode.swift; path = SceneDelegate.swift; sourceTree = "<group>"; };
		F3D14DE22BBAC45E00A5F847 /* MenuViewController.swift */ = {isa = PBXFileReference; lastKnownFileType = sourcecode.swift; path = MenuViewController.swift; sourceTree = "<group>"; };
		F3D14DE52BBAC45E00A5F847 /* Base */ = {isa = PBXFileReference; lastKnownFileType = file.storyboard; name = Base; path = Base.lproj/Main.storyboard; sourceTree = "<group>"; };
		F3D14DE72BBAC46000A5F847 /* Assets.xcassets */ = {isa = PBXFileReference; lastKnownFileType = folder.assetcatalog; path = Assets.xcassets; sourceTree = "<group>"; };
		F3D14DEA2BBAC46000A5F847 /* Base */ = {isa = PBXFileReference; lastKnownFileType = file.storyboard; name = Base; path = Base.lproj/LaunchScreen.storyboard; sourceTree = "<group>"; };
		F3D14DEC2BBAC46000A5F847 /* Info.plist */ = {isa = PBXFileReference; lastKnownFileType = text.plist.xml; path = Info.plist; sourceTree = "<group>"; };
		F3D14DF42BBAD90B00A5F847 /* CategoryCollectionViewCell.xib */ = {isa = PBXFileReference; lastKnownFileType = file.xib; path = CategoryCollectionViewCell.xib; sourceTree = "<group>"; };
		F3D14DF62BBAD9C500A5F847 /* CategoryCollectionViewCell.swift */ = {isa = PBXFileReference; lastKnownFileType = sourcecode.swift; path = CategoryCollectionViewCell.swift; sourceTree = "<group>"; };
		F3D14DF82BBBA90900A5F847 /* CartViewController.swift */ = {isa = PBXFileReference; lastKnownFileType = sourcecode.swift; path = CartViewController.swift; sourceTree = "<group>"; };
		F3D14DFA2BBBA9C000A5F847 /* CartTableViewCell.xib */ = {isa = PBXFileReference; lastKnownFileType = file.xib; path = CartTableViewCell.xib; sourceTree = "<group>"; };
		F3D14DFC2BBBAB4F00A5F847 /* CartTableViewCell.swift */ = {isa = PBXFileReference; lastKnownFileType = sourcecode.swift; path = CartTableViewCell.swift; sourceTree = "<group>"; };
		F3D14E002BBBB0E400A5F847 /* MenuViewController.storyboard */ = {isa = PBXFileReference; lastKnownFileType = file.storyboard; path = MenuViewController.storyboard; sourceTree = "<group>"; };
		F3D14E022BBBB11A00A5F847 /* CartViewController.storyboard */ = {isa = PBXFileReference; lastKnownFileType = file.storyboard; path = CartViewController.storyboard; sourceTree = "<group>"; };
/* End PBXFileReference section */

/* Begin PBXFrameworksBuildPhase section */
		F3D14DD82BBAC45E00A5F847 /* Frameworks */ = {
			isa = PBXFrameworksBuildPhase;
			buildActionMask = 2147483647;
			files = (
			);
			runOnlyForDeploymentPostprocessing = 0;
		};
/* End PBXFrameworksBuildPhase section */

/* Begin PBXGroup section */
		2AB9DC7E2BBBDBA5003B3FA3 /* Model */ = {
			isa = PBXGroup;
			children = (
				2AB9DC7A2BBBDBA5003B3FA3 /* Calories.swift */,
				2AB9DC7B2BBBDBA5003B3FA3 /* Menu.swift */,
				2AB9DC7C2BBBDBA5003B3FA3 /* MenuItem.swift */,
				2AB9DC7D2BBBDBA5003B3FA3 /* Option.swift */,
			);
			path = Model;
			sourceTree = "<group>";
		};
		F3D14DD22BBAC45E00A5F847 = {
			isa = PBXGroup;
			children = (
				F3D14DDD2BBAC45E00A5F847 /* MacDonald's */,
				F3D14DDC2BBAC45E00A5F847 /* Products */,
			);
			sourceTree = "<group>";
		};
		F3D14DDC2BBAC45E00A5F847 /* Products */ = {
			isa = PBXGroup;
			children = (
				F3D14DDB2BBAC45E00A5F847 /* MacDonald's.app */,
			);
			name = Products;
			sourceTree = "<group>";
		};
		F3D14DDD2BBAC45E00A5F847 /* MacDonald's */ = {
			isa = PBXGroup;
			children = (
				2AB9DC7E2BBBDBA5003B3FA3 /* Model */,
				F3D14DDE2BBAC45E00A5F847 /* AppDelegate.swift */,
				F3D14DE02BBAC45E00A5F847 /* SceneDelegate.swift */,
				F3D14DE22BBAC45E00A5F847 /* MenuViewController.swift */,
				F3D14E002BBBB0E400A5F847 /* MenuViewController.storyboard */,
				685441B82BBBEF2C00696445 /* DetailViewController.storyboard */,
				685441BB2BBBF04500696445 /* DetailViewController.swift */,
				F3D14DF42BBAD90B00A5F847 /* CategoryCollectionViewCell.xib */,
				F3D14DF62BBAD9C500A5F847 /* CategoryCollectionViewCell.swift */,
				F3D14DF82BBBA90900A5F847 /* CartViewController.swift */,
				F3D14E022BBBB11A00A5F847 /* CartViewController.storyboard */,
				F3D14DFA2BBBA9C000A5F847 /* CartTableViewCell.xib */,
				F3D14DFC2BBBAB4F00A5F847 /* CartTableViewCell.swift */,
				F3D14DE42BBAC45E00A5F847 /* Main.storyboard */,
				F3D14DE72BBAC46000A5F847 /* Assets.xcassets */,
				F3D14DE92BBAC46000A5F847 /* LaunchScreen.storyboard */,
				F3D14DEC2BBAC46000A5F847 /* Info.plist */,
			);
			path = "MacDonald's";
			sourceTree = "<group>";
		};
/* End PBXGroup section */

/* Begin PBXNativeTarget section */
		F3D14DDA2BBAC45E00A5F847 /* MacDonald's */ = {
			isa = PBXNativeTarget;
			buildConfigurationList = F3D14DEF2BBAC46000A5F847 /* Build configuration list for PBXNativeTarget "MacDonald's" */;
			buildPhases = (
				F3D14DD72BBAC45E00A5F847 /* Sources */,
				F3D14DD82BBAC45E00A5F847 /* Frameworks */,
				F3D14DD92BBAC45E00A5F847 /* Resources */,
			);
			buildRules = (
			);
			dependencies = (
			);
			name = "MacDonald's";
			productName = "MacDonald's";
			productReference = F3D14DDB2BBAC45E00A5F847 /* MacDonald's.app */;
			productType = "com.apple.product-type.application";
		};
/* End PBXNativeTarget section */

/* Begin PBXProject section */
		F3D14DD32BBAC45E00A5F847 /* Project object */ = {
			isa = PBXProject;
			attributes = {
				BuildIndependentTargetsInParallel = 1;
				LastSwiftUpdateCheck = 1500;
				LastUpgradeCheck = 1500;
				TargetAttributes = {
					F3D14DDA2BBAC45E00A5F847 = {
						CreatedOnToolsVersion = 15.0;
					};
				};
			};
			buildConfigurationList = F3D14DD62BBAC45E00A5F847 /* Build configuration list for PBXProject "MacDonald's" */;
			compatibilityVersion = "Xcode 14.0";
			developmentRegion = en;
			hasScannedForEncodings = 0;
			knownRegions = (
				en,
				Base,
			);
			mainGroup = F3D14DD22BBAC45E00A5F847;
			productRefGroup = F3D14DDC2BBAC45E00A5F847 /* Products */;
			projectDirPath = "";
			projectRoot = "";
			targets = (
				F3D14DDA2BBAC45E00A5F847 /* MacDonald's */,
			);
		};
/* End PBXProject section */

/* Begin PBXResourcesBuildPhase section */
		F3D14DD92BBAC45E00A5F847 /* Resources */ = {
			isa = PBXResourcesBuildPhase;
			buildActionMask = 2147483647;
			files = (
				685441BA2BBBEF2C00696445 /* DetailViewController.storyboard in Resources */,
				F3D14E032BBBB11A00A5F847 /* CartViewController.storyboard in Resources */,
				F3D14DFB2BBBA9C000A5F847 /* CartTableViewCell.xib in Resources */,
				F3D14DEB2BBAC46000A5F847 /* LaunchScreen.storyboard in Resources */,
				F3D14DE82BBAC46000A5F847 /* Assets.xcassets in Resources */,
				F3D14DE62BBAC45E00A5F847 /* Main.storyboard in Resources */,
				F3D14E012BBBB0E400A5F847 /* MenuViewController.storyboard in Resources */,
				F3D14DF52BBAD90B00A5F847 /* CategoryCollectionViewCell.xib in Resources */,
			);
			runOnlyForDeploymentPostprocessing = 0;
		};
/* End PBXResourcesBuildPhase section */

/* Begin PBXSourcesBuildPhase section */
		F3D14DD72BBAC45E00A5F847 /* Sources */ = {
			isa = PBXSourcesBuildPhase;
			buildActionMask = 2147483647;
			files = (
				F3D14DF72BBAD9C500A5F847 /* CategoryCollectionViewCell.swift in Sources */,
				F3D14DE32BBAC45E00A5F847 /* MenuViewController.swift in Sources */,
				F3D14DDF2BBAC45E00A5F847 /* AppDelegate.swift in Sources */,
				685441BC2BBBF04500696445 /* DetailViewController.swift in Sources */,
				2AB9DC822BBBDBA5003B3FA3 /* Option.swift in Sources */,
				2AB9DC7F2BBBDBA5003B3FA3 /* Calories.swift in Sources */,
				F3D14DFD2BBBAB4F00A5F847 /* CartTableViewCell.swift in Sources */,
				F3D14DF92BBBA90900A5F847 /* CartViewController.swift in Sources */,
				2AB9DC802BBBDBA5003B3FA3 /* Menu.swift in Sources */,
				F3D14DE12BBAC45E00A5F847 /* SceneDelegate.swift in Sources */,
				2AB9DC812BBBDBA5003B3FA3 /* MenuItem.swift in Sources */,
			);
			runOnlyForDeploymentPostprocessing = 0;
		};
/* End PBXSourcesBuildPhase section */

/* Begin PBXVariantGroup section */
		F3D14DE42BBAC45E00A5F847 /* Main.storyboard */ = {
			isa = PBXVariantGroup;
			children = (
				F3D14DE52BBAC45E00A5F847 /* Base */,
			);
			name = Main.storyboard;
			sourceTree = "<group>";
		};
		F3D14DE92BBAC46000A5F847 /* LaunchScreen.storyboard */ = {
			isa = PBXVariantGroup;
			children = (
				F3D14DEA2BBAC46000A5F847 /* Base */,
			);
			name = LaunchScreen.storyboard;
			sourceTree = "<group>";
		};
/* End PBXVariantGroup section */

/* Begin XCBuildConfiguration section */
		F3D14DED2BBAC46000A5F847 /* Debug */ = {
			isa = XCBuildConfiguration;
			buildSettings = {
				ALWAYS_SEARCH_USER_PATHS = NO;
				ASSETCATALOG_COMPILER_GENERATE_SWIFT_ASSET_SYMBOL_EXTENSIONS = YES;
				CLANG_ANALYZER_NONNULL = YES;
				CLANG_ANALYZER_NUMBER_OBJECT_CONVERSION = YES_AGGRESSIVE;
				CLANG_CXX_LANGUAGE_STANDARD = "gnu++20";
				CLANG_ENABLE_MODULES = YES;
				CLANG_ENABLE_OBJC_ARC = YES;
				CLANG_ENABLE_OBJC_WEAK = YES;
				CLANG_WARN_BLOCK_CAPTURE_AUTORELEASING = YES;
				CLANG_WARN_BOOL_CONVERSION = YES;
				CLANG_WARN_COMMA = YES;
				CLANG_WARN_CONSTANT_CONVERSION = YES;
				CLANG_WARN_DEPRECATED_OBJC_IMPLEMENTATIONS = YES;
				CLANG_WARN_DIRECT_OBJC_ISA_USAGE = YES_ERROR;
				CLANG_WARN_DOCUMENTATION_COMMENTS = YES;
				CLANG_WARN_EMPTY_BODY = YES;
				CLANG_WARN_ENUM_CONVERSION = YES;
				CLANG_WARN_INFINITE_RECURSION = YES;
				CLANG_WARN_INT_CONVERSION = YES;
				CLANG_WARN_NON_LITERAL_NULL_CONVERSION = YES;
				CLANG_WARN_OBJC_IMPLICIT_RETAIN_SELF = YES;
				CLANG_WARN_OBJC_LITERAL_CONVERSION = YES;
				CLANG_WARN_OBJC_ROOT_CLASS = YES_ERROR;
				CLANG_WARN_QUOTED_INCLUDE_IN_FRAMEWORK_HEADER = YES;
				CLANG_WARN_RANGE_LOOP_ANALYSIS = YES;
				CLANG_WARN_STRICT_PROTOTYPES = YES;
				CLANG_WARN_SUSPICIOUS_MOVE = YES;
				CLANG_WARN_UNGUARDED_AVAILABILITY = YES_AGGRESSIVE;
				CLANG_WARN_UNREACHABLE_CODE = YES;
				CLANG_WARN__DUPLICATE_METHOD_MATCH = YES;
				COPY_PHASE_STRIP = NO;
				DEBUG_INFORMATION_FORMAT = dwarf;
				ENABLE_STRICT_OBJC_MSGSEND = YES;
				ENABLE_TESTABILITY = YES;
				ENABLE_USER_SCRIPT_SANDBOXING = YES;
				GCC_C_LANGUAGE_STANDARD = gnu17;
				GCC_DYNAMIC_NO_PIC = NO;
				GCC_NO_COMMON_BLOCKS = YES;
				GCC_OPTIMIZATION_LEVEL = 0;
				GCC_PREPROCESSOR_DEFINITIONS = (
					"DEBUG=1",
					"$(inherited)",
				);
				GCC_WARN_64_TO_32_BIT_CONVERSION = YES;
				GCC_WARN_ABOUT_RETURN_TYPE = YES_ERROR;
				GCC_WARN_UNDECLARED_SELECTOR = YES;
				GCC_WARN_UNINITIALIZED_AUTOS = YES_AGGRESSIVE;
				GCC_WARN_UNUSED_FUNCTION = YES;
				GCC_WARN_UNUSED_VARIABLE = YES;
				IPHONEOS_DEPLOYMENT_TARGET = 17.0;
				LOCALIZATION_PREFERS_STRING_CATALOGS = YES;
				MTL_ENABLE_DEBUG_INFO = INCLUDE_SOURCE;
				MTL_FAST_MATH = YES;
				ONLY_ACTIVE_ARCH = YES;
				SDKROOT = iphoneos;
				SWIFT_ACTIVE_COMPILATION_CONDITIONS = "DEBUG $(inherited)";
				SWIFT_OPTIMIZATION_LEVEL = "-Onone";
			};
			name = Debug;
		};
		F3D14DEE2BBAC46000A5F847 /* Release */ = {
			isa = XCBuildConfiguration;
			buildSettings = {
				ALWAYS_SEARCH_USER_PATHS = NO;
				ASSETCATALOG_COMPILER_GENERATE_SWIFT_ASSET_SYMBOL_EXTENSIONS = YES;
				CLANG_ANALYZER_NONNULL = YES;
				CLANG_ANALYZER_NUMBER_OBJECT_CONVERSION = YES_AGGRESSIVE;
				CLANG_CXX_LANGUAGE_STANDARD = "gnu++20";
				CLANG_ENABLE_MODULES = YES;
				CLANG_ENABLE_OBJC_ARC = YES;
				CLANG_ENABLE_OBJC_WEAK = YES;
				CLANG_WARN_BLOCK_CAPTURE_AUTORELEASING = YES;
				CLANG_WARN_BOOL_CONVERSION = YES;
				CLANG_WARN_COMMA = YES;
				CLANG_WARN_CONSTANT_CONVERSION = YES;
				CLANG_WARN_DEPRECATED_OBJC_IMPLEMENTATIONS = YES;
				CLANG_WARN_DIRECT_OBJC_ISA_USAGE = YES_ERROR;
				CLANG_WARN_DOCUMENTATION_COMMENTS = YES;
				CLANG_WARN_EMPTY_BODY = YES;
				CLANG_WARN_ENUM_CONVERSION = YES;
				CLANG_WARN_INFINITE_RECURSION = YES;
				CLANG_WARN_INT_CONVERSION = YES;
				CLANG_WARN_NON_LITERAL_NULL_CONVERSION = YES;
				CLANG_WARN_OBJC_IMPLICIT_RETAIN_SELF = YES;
				CLANG_WARN_OBJC_LITERAL_CONVERSION = YES;
				CLANG_WARN_OBJC_ROOT_CLASS = YES_ERROR;
				CLANG_WARN_QUOTED_INCLUDE_IN_FRAMEWORK_HEADER = YES;
				CLANG_WARN_RANGE_LOOP_ANALYSIS = YES;
				CLANG_WARN_STRICT_PROTOTYPES = YES;
				CLANG_WARN_SUSPICIOUS_MOVE = YES;
				CLANG_WARN_UNGUARDED_AVAILABILITY = YES_AGGRESSIVE;
				CLANG_WARN_UNREACHABLE_CODE = YES;
				CLANG_WARN__DUPLICATE_METHOD_MATCH = YES;
				COPY_PHASE_STRIP = NO;
				DEBUG_INFORMATION_FORMAT = "dwarf-with-dsym";
				ENABLE_NS_ASSERTIONS = NO;
				ENABLE_STRICT_OBJC_MSGSEND = YES;
				ENABLE_USER_SCRIPT_SANDBOXING = YES;
				GCC_C_LANGUAGE_STANDARD = gnu17;
				GCC_NO_COMMON_BLOCKS = YES;
				GCC_WARN_64_TO_32_BIT_CONVERSION = YES;
				GCC_WARN_ABOUT_RETURN_TYPE = YES_ERROR;
				GCC_WARN_UNDECLARED_SELECTOR = YES;
				GCC_WARN_UNINITIALIZED_AUTOS = YES_AGGRESSIVE;
				GCC_WARN_UNUSED_FUNCTION = YES;
				GCC_WARN_UNUSED_VARIABLE = YES;
				IPHONEOS_DEPLOYMENT_TARGET = 17.0;
				LOCALIZATION_PREFERS_STRING_CATALOGS = YES;
				MTL_ENABLE_DEBUG_INFO = NO;
				MTL_FAST_MATH = YES;
				SDKROOT = iphoneos;
				SWIFT_COMPILATION_MODE = wholemodule;
				VALIDATE_PRODUCT = YES;
			};
			name = Release;
		};
		F3D14DF02BBAC46000A5F847 /* Debug */ = {
			isa = XCBuildConfiguration;
			buildSettings = {
				ASSETCATALOG_COMPILER_APPICON_NAME = AppIcon;
				ASSETCATALOG_COMPILER_GLOBAL_ACCENT_COLOR_NAME = AccentColor;
				CODE_SIGN_STYLE = Automatic;
				CURRENT_PROJECT_VERSION = 1;
				GENERATE_INFOPLIST_FILE = YES;
				INFOPLIST_FILE = "MacDonald's/Info.plist";
				INFOPLIST_KEY_UIApplicationSupportsIndirectInputEvents = YES;
				INFOPLIST_KEY_UILaunchStoryboardName = LaunchScreen;
				INFOPLIST_KEY_UIMainStoryboardFile = Main;
				INFOPLIST_KEY_UISupportedInterfaceOrientations_iPad = "UIInterfaceOrientationPortrait UIInterfaceOrientationPortraitUpsideDown UIInterfaceOrientationLandscapeLeft UIInterfaceOrientationLandscapeRight";
				INFOPLIST_KEY_UISupportedInterfaceOrientations_iPhone = "UIInterfaceOrientationPortrait UIInterfaceOrientationLandscapeLeft UIInterfaceOrientationLandscapeRight";
				LD_RUNPATH_SEARCH_PATHS = (
					"$(inherited)",
					"@executable_path/Frameworks",
				);
				MARKETING_VERSION = 1.0;
				PRODUCT_BUNDLE_IDENTIFIER = "com.test.MacDonald-s";
				PRODUCT_NAME = "$(TARGET_NAME)";
				SWIFT_EMIT_LOC_STRINGS = YES;
				SWIFT_VERSION = 5.0;
				TARGETED_DEVICE_FAMILY = "1,2";
			};
			name = Debug;
		};
		F3D14DF12BBAC46000A5F847 /* Release */ = {
			isa = XCBuildConfiguration;
			buildSettings = {
				ASSETCATALOG_COMPILER_APPICON_NAME = AppIcon;
				ASSETCATALOG_COMPILER_GLOBAL_ACCENT_COLOR_NAME = AccentColor;
				CODE_SIGN_STYLE = Automatic;
				CURRENT_PROJECT_VERSION = 1;
				GENERATE_INFOPLIST_FILE = YES;
				INFOPLIST_FILE = "MacDonald's/Info.plist";
				INFOPLIST_KEY_UIApplicationSupportsIndirectInputEvents = YES;
				INFOPLIST_KEY_UILaunchStoryboardName = LaunchScreen;
				INFOPLIST_KEY_UIMainStoryboardFile = Main;
				INFOPLIST_KEY_UISupportedInterfaceOrientations_iPad = "UIInterfaceOrientationPortrait UIInterfaceOrientationPortraitUpsideDown UIInterfaceOrientationLandscapeLeft UIInterfaceOrientationLandscapeRight";
				INFOPLIST_KEY_UISupportedInterfaceOrientations_iPhone = "UIInterfaceOrientationPortrait UIInterfaceOrientationLandscapeLeft UIInterfaceOrientationLandscapeRight";
				LD_RUNPATH_SEARCH_PATHS = (
					"$(inherited)",
					"@executable_path/Frameworks",
				);
				MARKETING_VERSION = 1.0;
				PRODUCT_BUNDLE_IDENTIFIER = "com.test.MacDonald-s";
				PRODUCT_NAME = "$(TARGET_NAME)";
				SWIFT_EMIT_LOC_STRINGS = YES;
				SWIFT_VERSION = 5.0;
				TARGETED_DEVICE_FAMILY = "1,2";
			};
			name = Release;
		};
/* End XCBuildConfiguration section */

/* Begin XCConfigurationList section */
		F3D14DD62BBAC45E00A5F847 /* Build configuration list for PBXProject "MacDonald's" */ = {
			isa = XCConfigurationList;
			buildConfigurations = (
				F3D14DED2BBAC46000A5F847 /* Debug */,
				F3D14DEE2BBAC46000A5F847 /* Release */,
			);
			defaultConfigurationIsVisible = 0;
			defaultConfigurationName = Release;
		};
		F3D14DEF2BBAC46000A5F847 /* Build configuration list for PBXNativeTarget "MacDonald's" */ = {
			isa = XCConfigurationList;
			buildConfigurations = (
				F3D14DF02BBAC46000A5F847 /* Debug */,
				F3D14DF12BBAC46000A5F847 /* Release */,
			);
			defaultConfigurationIsVisible = 0;
			defaultConfigurationName = Release;
		};
/* End XCConfigurationList section */
	};
	rootObject = F3D14DD32BBAC45E00A5F847 /* Project object */;
}
